
Microsoft Visual Studio Solution File, Format Version 12.00
# Visual Studio Version 16
VisualStudioVersion = 16.0.31729.503
MinimumVisualStudioVersion = 10.0.40219.1
Project("{FAE04EC0-301F-11D3-BF4B-00C04F79EFBC}") = "CanHo", "CanHo\CanHo.csproj", "{07D1D411-082F-4075-B99D-8B92ED712988}"
EndProject
Global
	GlobalSection(SolutionConfigurationPlatforms) = preSolution
		Debug|Any CPU = Debug|Any CPU
		Release|Any CPU = Release|Any CPU
	EndGlobalSection
	GlobalSection(ProjectConfigurationPlatforms) = postSolution
		{07D1D411-082F-4075-B99D-8B92ED712988}.Debug|Any CPU.ActiveCfg = Debug|Any CPU
		{07D1D411-082F-4075-B99D-8B92ED712988}.Debug|Any CPU.Build.0 = Debug|Any CPU
		{07D1D411-082F-4075-B99D-8B92ED712988}.Release|Any CPU.ActiveCfg = Release|Any CPU
		{07D1D411-082F-4075-B99D-8B92ED712988}.Release|Any CPU.Build.0 = Release|Any CPU
	EndGlobalSection
	GlobalSection(SolutionProperties) = preSolution
		HideSolutionNode = FALSE
	EndGlobalSection
	GlobalSection(ExtensibilityGlobals) = postSolution
		SolutionGuid = {9D3ACDF0-2D18-4D0A-9DB3-088A965533C8}
	EndGlobalSection
EndGlobal
